// !$*UTF8*$!
{
	archiveVersion = 1;
	classes = {
	};
	objectVersion = 50;
	objects = {

/* Begin PBXBuildFile section */
		0568783722230EE600583CBF /* LoadingCell.xib in Resources */ = {isa = PBXBuildFile; fileRef = 0568783622230EE500583CBF /* LoadingCell.xib */; };
		05687839222EC3F800583CBF /* UIImageView+DownloadingImage.swift in Sources */ = {isa = PBXBuildFile; fileRef = 05687838222EC3F800583CBF /* UIImageView+DownloadingImage.swift */; };
		05A83999223AB09800B643BB /* DetailViewController.swift in Sources */ = {isa = PBXBuildFile; fileRef = 05A83998223AB09800B643BB /* DetailViewController.swift */; };
		05A8399B223AC9EC00B643BB /* DimmingPresentationController.swift in Sources */ = {isa = PBXBuildFile; fileRef = 05A8399A223AC9EC00B643BB /* DimmingPresentationController.swift */; };
		05F927E62211848C002CF8F8 /* AppDelegate.swift in Sources */ = {isa = PBXBuildFile; fileRef = 05F927E52211848C002CF8F8 /* AppDelegate.swift */; };
		05F927E82211848C002CF8F8 /* SearchViewController.swift in Sources */ = {isa = PBXBuildFile; fileRef = 05F927E72211848C002CF8F8 /* SearchViewController.swift */; };
		05F927EB2211848C002CF8F8 /* Main.storyboard in Resources */ = {isa = PBXBuildFile; fileRef = 05F927E92211848C002CF8F8 /* Main.storyboard */; };
		05F927ED2211848E002CF8F8 /* Assets.xcassets in Resources */ = {isa = PBXBuildFile; fileRef = 05F927EC2211848E002CF8F8 /* Assets.xcassets */; };
		05FD4CBB221319CE00D0740F /* SearchResult.swift in Sources */ = {isa = PBXBuildFile; fileRef = 05FD4CBA221319CE00D0740F /* SearchResult.swift */; };
		05FD4CBD22133F3600D0740F /* SearchResultCell.xib in Resources */ = {isa = PBXBuildFile; fileRef = 05FD4CBC22133F3600D0740F /* SearchResultCell.xib */; };
		05FD4CC02215780D00D0740F /* SearchResultCell.swift in Sources */ = {isa = PBXBuildFile; fileRef = 05FD4CBF2215780D00D0740F /* SearchResultCell.swift */; };
		05FD4CC42215958300D0740F /* NothingFoundCell.xib in Resources */ = {isa = PBXBuildFile; fileRef = 05FD4CC32215958300D0740F /* NothingFoundCell.xib */; };
/* End PBXBuildFile section */

/* Begin PBXFileReference section */
		0568783622230EE500583CBF /* LoadingCell.xib */ = {isa = PBXFileReference; lastKnownFileType = file.xib; path = LoadingCell.xib; sourceTree = "<group>"; };
		05687838222EC3F800583CBF /* UIImageView+DownloadingImage.swift */ = {isa = PBXFileReference; lastKnownFileType = sourcecode.swift; path = "UIImageView+DownloadingImage.swift"; sourceTree = "<group>"; };
		05A83998223AB09800B643BB /* DetailViewController.swift */ = {isa = PBXFileReference; lastKnownFileType = sourcecode.swift; path = DetailViewController.swift; sourceTree = "<group>"; };
		05A8399A223AC9EC00B643BB /* DimmingPresentationController.swift */ = {isa = PBXFileReference; lastKnownFileType = sourcecode.swift; path = DimmingPresentationController.swift; sourceTree = "<group>"; };
		05F927E22211848B002CF8F8 /* StoreSearch.app */ = {isa = PBXFileReference; explicitFileType = wrapper.application; includeInIndex = 0; path = StoreSearch.app; sourceTree = BUILT_PRODUCTS_DIR; };
		05F927E52211848C002CF8F8 /* AppDelegate.swift */ = {isa = PBXFileReference; lastKnownFileType = sourcecode.swift; path = AppDelegate.swift; sourceTree = "<group>"; };
		05F927E72211848C002CF8F8 /* SearchViewController.swift */ = {isa = PBXFileReference; lastKnownFileType = sourcecode.swift; path = SearchViewController.swift; sourceTree = "<group>"; };
		05F927EA2211848C002CF8F8 /* Base */ = {isa = PBXFileReference; lastKnownFileType = file.storyboard; name = Base; path = Base.lproj/Main.storyboard; sourceTree = "<group>"; };
		05F927EC2211848E002CF8F8 /* Assets.xcassets */ = {isa = PBXFileReference; lastKnownFileType = folder.assetcatalog; path = Assets.xcassets; sourceTree = "<group>"; };
		05F927F12211848E002CF8F8 /* Info.plist */ = {isa = PBXFileReference; lastKnownFileType = text.plist.xml; path = Info.plist; sourceTree = "<group>"; };
		05FD4CBA221319CE00D0740F /* SearchResult.swift */ = {isa = PBXFileReference; lastKnownFileType = sourcecode.swift; path = SearchResult.swift; sourceTree = "<group>"; };
		05FD4CBC22133F3600D0740F /* SearchResultCell.xib */ = {isa = PBXFileReference; lastKnownFileType = file.xib; path = SearchResultCell.xib; sourceTree = "<group>"; };
		05FD4CBF2215780D00D0740F /* SearchResultCell.swift */ = {isa = PBXFileReference; lastKnownFileType = sourcecode.swift; path = SearchResultCell.swift; sourceTree = "<group>"; };
		05FD4CC32215958300D0740F /* NothingFoundCell.xib */ = {isa = PBXFileReference; lastKnownFileType = file.xib; path = NothingFoundCell.xib; sourceTree = "<group>"; };
/* End PBXFileReference section */

/* Begin PBXFrameworksBuildPhase section */
		05F927DF2211848B002CF8F8 /* Frameworks */ = {
			isa = PBXFrameworksBuildPhase;
			buildActionMask = 2147483647;
			files = (
			);
			runOnlyForDeploymentPostprocessing = 0;
		};
/* End PBXFrameworksBuildPhase section */

/* Begin PBXGroup section */
		051063702237CE4000196275 /* extensions */ = {
			isa = PBXGroup;
			children = (
				05687838222EC3F800583CBF /* UIImageView+DownloadingImage.swift */,
			);
			path = extensions;
			sourceTree = "<group>";
		};
		05687833221B0B8B00583CBF /* Model */ = {
			isa = PBXGroup;
			children = (
				05F927E52211848C002CF8F8 /* AppDelegate.swift */,
				05FD4CBA221319CE00D0740F /* SearchResult.swift */,
			);
			path = Model;
			sourceTree = "<group>";
		};
		05687834221C27BF00583CBF /* SearchViewController */ = {
			isa = PBXGroup;
			children = (
				05F927E72211848C002CF8F8 /* SearchViewController.swift */,
				05FD4CBF2215780D00D0740F /* SearchResultCell.swift */,
				05FD4CBC22133F3600D0740F /* SearchResultCell.xib */,
				05FD4CC32215958300D0740F /* NothingFoundCell.xib */,
				0568783622230EE500583CBF /* LoadingCell.xib */,
				05A8399C223ACA1500B643BB /* DetailViewController */,
			);
			path = SearchViewController;
			sourceTree = "<group>";
		};
		05687835221C28E300583CBF /* Interface */ = {
			isa = PBXGroup;
			children = (
				05F927E92211848C002CF8F8 /* Main.storyboard */,
				051063702237CE4000196275 /* extensions */,
				05687834221C27BF00583CBF /* SearchViewController */,
			);
			path = Interface;
			sourceTree = "<group>";
		};
		05A8399C223ACA1500B643BB /* DetailViewController */ = {
			isa = PBXGroup;
			children = (
				05A8399A223AC9EC00B643BB /* DimmingPresentationController.swift */,
				05A83998223AB09800B643BB /* DetailViewController.swift */,
			);
			path = DetailViewController;
			sourceTree = "<group>";
		};
		05F927D92211848B002CF8F8 = {
			isa = PBXGroup;
			children = (
				05F927E42211848B002CF8F8 /* StoreSearch */,
				05F927E32211848B002CF8F8 /* Products */,
			);
			sourceTree = "<group>";
		};
		05F927E32211848B002CF8F8 /* Products */ = {
			isa = PBXGroup;
			children = (
				05F927E22211848B002CF8F8 /* StoreSearch.app */,
			);
			name = Products;
			sourceTree = "<group>";
		};
		05F927E42211848B002CF8F8 /* StoreSearch */ = {
			isa = PBXGroup;
			children = (
				05687835221C28E300583CBF /* Interface */,
				05687833221B0B8B00583CBF /* Model */,
				05FD4CC52218184400D0740F /* Data */,
				05F927F12211848E002CF8F8 /* Info.plist */,
			);
			path = StoreSearch;
			sourceTree = "<group>";
		};
		05FD4CC52218184400D0740F /* Data */ = {
			isa = PBXGroup;
			children = (
				05F927EC2211848E002CF8F8 /* Assets.xcassets */,
			);
			path = Data;
			sourceTree = "<group>";
		};
/* End PBXGroup section */

/* Begin PBXNativeTarget section */
		05F927E12211848B002CF8F8 /* StoreSearch */ = {
			isa = PBXNativeTarget;
			buildConfigurationList = 05F927F42211848E002CF8F8 /* Build configuration list for PBXNativeTarget "StoreSearch" */;
			buildPhases = (
				05F927DE2211848B002CF8F8 /* Sources */,
				05F927DF2211848B002CF8F8 /* Frameworks */,
				05F927E02211848B002CF8F8 /* Resources */,
			);
			buildRules = (
			);
			dependencies = (
			);
			name = StoreSearch;
			productName = StoreSearch;
			productReference = 05F927E22211848B002CF8F8 /* StoreSearch.app */;
			productType = "com.apple.product-type.application";
		};
/* End PBXNativeTarget section */

/* Begin PBXProject section */
		05F927DA2211848B002CF8F8 /* Project object */ = {
			isa = PBXProject;
			attributes = {
				LastSwiftUpdateCheck = 1010;
				LastUpgradeCheck = 1010;
				ORGANIZATIONNAME = Miyamoto;
				TargetAttributes = {
					05F927E12211848B002CF8F8 = {
						CreatedOnToolsVersion = 10.1;
					};
				};
			};
			buildConfigurationList = 05F927DD2211848B002CF8F8 /* Build configuration list for PBXProject "StoreSearch" */;
			compatibilityVersion = "Xcode 9.3";
			developmentRegion = en;
			hasScannedForEncodings = 0;
			knownRegions = (
				en,
				Base,
			);
			mainGroup = 05F927D92211848B002CF8F8;
			productRefGroup = 05F927E32211848B002CF8F8 /* Products */;
			projectDirPath = "";
			projectRoot = "";
			targets = (
				05F927E12211848B002CF8F8 /* StoreSearch */,
			);
		};
/* End PBXProject section */

/* Begin PBXResourcesBuildPhase section */
		05F927E02211848B002CF8F8 /* Resources */ = {
			isa = PBXResourcesBuildPhase;
			buildActionMask = 2147483647;
			files = (
				05F927ED2211848E002CF8F8 /* Assets.xcassets in Resources */,
				0568783722230EE600583CBF /* LoadingCell.xib in Resources */,
				05FD4CBD22133F3600D0740F /* SearchResultCell.xib in Resources */,
				05FD4CC42215958300D0740F /* NothingFoundCell.xib in Resources */,
				05F927EB2211848C002CF8F8 /* Main.storyboard in Resources */,
			);
			runOnlyForDeploymentPostprocessing = 0;
		};
/* End PBXResourcesBuildPhase section */

/* Begin PBXSourcesBuildPhase section */
		05F927DE2211848B002CF8F8 /* Sources */ = {
			isa = PBXSourcesBuildPhase;
			buildActionMask = 2147483647;
			files = (
				05F927E82211848C002CF8F8 /* SearchViewController.swift in Sources */,
				05A8399B223AC9EC00B643BB /* DimmingPresentationController.swift in Sources */,
				05FD4CBB221319CE00D0740F /* SearchResult.swift in Sources */,
				05687839222EC3F800583CBF /* UIImageView+DownloadingImage.swift in Sources */,
				05A83999223AB09800B643BB /* DetailViewController.swift in Sources */,
				05FD4CC02215780D00D0740F /* SearchResultCell.swift in Sources */,
				05F927E62211848C002CF8F8 /* AppDelegate.swift in Sources */,
			);
			runOnlyForDeploymentPostprocessing = 0;
		};
/* End PBXSourcesBuildPhase section */

/* Begin PBXVariantGroup section */
		05F927E92211848C002CF8F8 /* Main.storyboard */ = {
			isa = PBXVariantGroup;
			children = (
				05F927EA2211848C002CF8F8 /* Base */,
			);
			name = Main.storyboard;
			sourceTree = "<group>";
		};
/* End PBXVariantGroup section */

/* Begin XCBuildConfiguration section */
		05F927F22211848E002CF8F8 /* Debug */ = {
			isa = XCBuildConfiguration;
			buildSettings = {
				ALWAYS_SEARCH_USER_PATHS = NO;
				CLANG_ANALYZER_NONNULL = YES;
				CLANG_ANALYZER_NUMBER_OBJECT_CONVERSION = YES_AGGRESSIVE;
				CLANG_CXX_LANGUAGE_STANDARD = "gnu++14";
				CLANG_CXX_LIBRARY = "libc++";
				CLANG_ENABLE_MODULES = YES;
				CLANG_ENABLE_OBJC_ARC = YES;
				CLANG_ENABLE_OBJC_WEAK = YES;
				CLANG_WARN_BLOCK_CAPTURE_AUTORELEASING = YES;
				CLANG_WARN_BOOL_CONVERSION = YES;
				CLANG_WARN_COMMA = YES;
				CLANG_WARN_CONSTANT_CONVERSION = YES;
				CLANG_WARN_DEPRECATED_OBJC_IMPLEMENTATIONS = YES;
				CLANG_WARN_DIRECT_OBJC_ISA_USAGE = YES_ERROR;
				CLANG_WARN_DOCUMENTATION_COMMENTS = YES;
				CLANG_WARN_EMPTY_BODY = YES;
				CLANG_WARN_ENUM_CONVERSION = YES;
				CLANG_WARN_INFINITE_RECURSION = YES;
				CLANG_WARN_INT_CONVERSION = YES;
				CLANG_WARN_NON_LITERAL_NULL_CONVERSION = YES;
				CLANG_WARN_OBJC_IMPLICIT_RETAIN_SELF = YES;
				CLANG_WARN_OBJC_LITERAL_CONVERSION = YES;
				CLANG_WARN_OBJC_ROOT_CLASS = YES_ERROR;
				CLANG_WARN_RANGE_LOOP_ANALYSIS = YES;
				CLANG_WARN_STRICT_PROTOTYPES = YES;
				CLANG_WARN_SUSPICIOUS_MOVE = YES;
				CLANG_WARN_UNGUARDED_AVAILABILITY = YES_AGGRESSIVE;
				CLANG_WARN_UNREACHABLE_CODE = YES;
				CLANG_WARN__DUPLICATE_METHOD_MATCH = YES;
				CODE_SIGN_IDENTITY = "iPhone Developer";
				COPY_PHASE_STRIP = NO;
				DEBUG_INFORMATION_FORMAT = dwarf;
				ENABLE_STRICT_OBJC_MSGSEND = YES;
				ENABLE_TESTABILITY = YES;
				GCC_C_LANGUAGE_STANDARD = gnu11;
				GCC_DYNAMIC_NO_PIC = NO;
				GCC_NO_COMMON_BLOCKS = YES;
				GCC_OPTIMIZATION_LEVEL = 0;
				GCC_PREPROCESSOR_DEFINITIONS = (
					"DEBUG=1",
					"$(inherited)",
				);
				GCC_WARN_64_TO_32_BIT_CONVERSION = YES;
				GCC_WARN_ABOUT_RETURN_TYPE = YES_ERROR;
				GCC_WARN_UNDECLARED_SELECTOR = YES;
				GCC_WARN_UNINITIALIZED_AUTOS = YES_AGGRESSIVE;
				GCC_WARN_UNUSED_FUNCTION = YES;
				GCC_WARN_UNUSED_VARIABLE = YES;
				IPHONEOS_DEPLOYMENT_TARGET = 12.1;
				MTL_ENABLE_DEBUG_INFO = INCLUDE_SOURCE;
				MTL_FAST_MATH = YES;
				ONLY_ACTIVE_ARCH = YES;
				SDKROOT = iphoneos;
				SWIFT_ACTIVE_COMPILATION_CONDITIONS = DEBUG;
				SWIFT_OPTIMIZATION_LEVEL = "-Onone";
			};
			name = Debug;
		};
		05F927F32211848E002CF8F8 /* Release */ = {
			isa = XCBuildConfiguration;
			buildSettings = {
				ALWAYS_SEARCH_USER_PATHS = NO;
				CLANG_ANALYZER_NONNULL = YES;
				CLANG_ANALYZER_NUMBER_OBJECT_CONVERSION = YES_AGGRESSIVE;
				CLANG_CXX_LANGUAGE_STANDARD = "gnu++14";
				CLANG_CXX_LIBRARY = "libc++";
				CLANG_ENABLE_MODULES = YES;
				CLANG_ENABLE_OBJC_ARC = YES;
				CLANG_ENABLE_OBJC_WEAK = YES;
				CLANG_WARN_BLOCK_CAPTURE_AUTORELEASING = YES;
				CLANG_WARN_BOOL_CONVERSION = YES;
				CLANG_WARN_COMMA = YES;
				CLANG_WARN_CONSTANT_CONVERSION = YES;
				CLANG_WARN_DEPRECATED_OBJC_IMPLEMENTATIONS = YES;
				CLANG_WARN_DIRECT_OBJC_ISA_USAGE = YES_ERROR;
				CLANG_WARN_DOCUMENTATION_COMMENTS = YES;
				CLANG_WARN_EMPTY_BODY = YES;
				CLANG_WARN_ENUM_CONVERSION = YES;
				CLANG_WARN_INFINITE_RECURSION = YES;
				CLANG_WARN_INT_CONVERSION = YES;
				CLANG_WARN_NON_LITERAL_NULL_CONVERSION = YES;
				CLANG_WARN_OBJC_IMPLICIT_RETAIN_SELF = YES;
				CLANG_WARN_OBJC_LITERAL_CONVERSION = YES;
				CLANG_WARN_OBJC_ROOT_CLASS = YES_ERROR;
				CLANG_WARN_RANGE_LOOP_ANALYSIS = YES;
				CLANG_WARN_STRICT_PROTOTYPES = YES;
				CLANG_WARN_SUSPICIOUS_MOVE = YES;
				CLANG_WARN_UNGUARDED_AVAILABILITY = YES_AGGRESSIVE;
				CLANG_WARN_UNREACHABLE_CODE = YES;
				CLANG_WARN__DUPLICATE_METHOD_MATCH = YES;
				CODE_SIGN_IDENTITY = "iPhone Developer";
				COPY_PHASE_STRIP = NO;
				DEBUG_INFORMATION_FORMAT = "dwarf-with-dsym";
				ENABLE_NS_ASSERTIONS = NO;
				ENABLE_STRICT_OBJC_MSGSEND = YES;
				GCC_C_LANGUAGE_STANDARD = gnu11;
				GCC_NO_COMMON_BLOCKS = YES;
				GCC_WARN_64_TO_32_BIT_CONVERSION = YES;
				GCC_WARN_ABOUT_RETURN_TYPE = YES_ERROR;
				GCC_WARN_UNDECLARED_SELECTOR = YES;
				GCC_WARN_UNINITIALIZED_AUTOS = YES_AGGRESSIVE;
				GCC_WARN_UNUSED_FUNCTION = YES;
				GCC_WARN_UNUSED_VARIABLE = YES;
				IPHONEOS_DEPLOYMENT_TARGET = 12.1;
				MTL_ENABLE_DEBUG_INFO = NO;
				MTL_FAST_MATH = YES;
				SDKROOT = iphoneos;
				SWIFT_COMPILATION_MODE = wholemodule;
				SWIFT_OPTIMIZATION_LEVEL = "-O";
				VALIDATE_PRODUCT = YES;
			};
			name = Release;
		};
		05F927F52211848E002CF8F8 /* Debug */ = {
			isa = XCBuildConfiguration;
			buildSettings = {
				ASSETCATALOG_COMPILER_APPICON_NAME = AppIcon;
				CODE_SIGN_STYLE = Automatic;
				DEVELOPMENT_TEAM = 5W5GK95Q25;
				INFOPLIST_FILE = StoreSearch/Info.plist;
				LD_RUNPATH_SEARCH_PATHS = (
					"$(inherited)",
					"@executable_path/Frameworks",
				);
				PRODUCT_BUNDLE_IDENTIFIER = Miyamoto.StoreSearch;
				PRODUCT_NAME = "$(TARGET_NAME)";
				SWIFT_VERSION = 4.2;
				TARGETED_DEVICE_FAMILY = "1,2";
			};
			name = Debug;
		};
		05F927F62211848E002CF8F8 /* Release */ = {
			isa = XCBuildConfiguration;
			buildSettings = {
				ASSETCATALOG_COMPILER_APPICON_NAME = AppIcon;
				CODE_SIGN_STYLE = Automatic;
				DEVELOPMENT_TEAM = 5W5GK95Q25;
				INFOPLIST_FILE = StoreSearch/Info.plist;
				LD_RUNPATH_SEARCH_PATHS = (
					"$(inherited)",
					"@executable_path/Frameworks",
				);
				PRODUCT_BUNDLE_IDENTIFIER = Miyamoto.StoreSearch;
				PRODUCT_NAME = "$(TARGET_NAME)";
				SWIFT_VERSION = 4.2;
				TARGETED_DEVICE_FAMILY = "1,2";
			};
			name = Release;
		};
/* End XCBuildConfiguration section */

/* Begin XCConfigurationList section */
		05F927DD2211848B002CF8F8 /* Build configuration list for PBXProject "StoreSearch" */ = {
			isa = XCConfigurationList;
			buildConfigurations = (
				05F927F22211848E002CF8F8 /* Debug */,
				05F927F32211848E002CF8F8 /* Release */,
			);
			defaultConfigurationIsVisible = 0;
			defaultConfigurationName = Release;
		};
		05F927F42211848E002CF8F8 /* Build configuration list for PBXNativeTarget "StoreSearch" */ = {
			isa = XCConfigurationList;
			buildConfigurations = (
				05F927F52211848E002CF8F8 /* Debug */,
				05F927F62211848E002CF8F8 /* Release */,
			);
			defaultConfigurationIsVisible = 0;
			defaultConfigurationName = Release;
		};
/* End XCConfigurationList section */
	};
	rootObject = 05F927DA2211848B002CF8F8 /* Project object */;
}
